
Microsoft Visual Studio Solution File, Format Version 12.00
# Visual Studio Version 16
VisualStudioVersion = 16.0.30225.117
MinimumVisualStudioVersion = 10.0.40219.1
Project("{9A19103F-16F7-4668-BE54-9A1E7A4F7556}") = "Voleska", "Voleska\Voleska.csproj", "{8C4D8B36-B925-445E-97CC-1D11B8D31916}"
EndProject
Global
	GlobalSection(SolutionConfigurationPlatforms) = preSolution
		Debug|Any CPU = Debug|Any CPU
		Release|Any CPU = Release|Any CPU
	EndGlobalSection
	GlobalSection(ProjectConfigurationPlatforms) = postSolution
		{8C4D8B36-B925-445E-97CC-1D11B8D31916}.Debug|Any CPU.ActiveCfg = Debug|Any CPU
		{8C4D8B36-B925-445E-97CC-1D11B8D31916}.Debug|Any CPU.Build.0 = Debug|Any CPU
		{8C4D8B36-B925-445E-97CC-1D11B8D31916}.Release|Any CPU.ActiveCfg = Release|Any CPU
		{8C4D8B36-B925-445E-97CC-1D11B8D31916}.Release|Any CPU.Build.0 = Release|Any CPU
	EndGlobalSection
	GlobalSection(SolutionProperties) = preSolution
		HideSolutionNode = FALSE
	EndGlobalSection
	GlobalSection(ExtensibilityGlobals) = postSolution
		SolutionGuid = {9520D3FA-DDCE-4066-ADAB-F16E6D091E8C}
	EndGlobalSection
EndGlobal
